
Microsoft Visual Studio Solution File, Format Version 12.00
# Visual Studio 14
VisualStudioVersion = 14.0.25420.1
MinimumVisualStudioVersion = 10.0.40219.1
Project("{159641D6-6404-4A2A-AE62-294DE0FE8301}") = "FFB_Roster_Load", "FFB_Roster_Load\FFB_Roster_Load.dtproj", "{58EB1E19-8BEF-4103-9414-847CDD900704}"
EndProject
Global
	GlobalSection(SolutionConfigurationPlatforms) = preSolution
		Development|Default = Development|Default
	EndGlobalSection
	GlobalSection(ProjectConfigurationPlatforms) = postSolution
		{58EB1E19-8BEF-4103-9414-847CDD900704}.Development|Default.ActiveCfg = Development
		{58EB1E19-8BEF-4103-9414-847CDD900704}.Development|Default.Build.0 = Development
	EndGlobalSection
	GlobalSection(SolutionProperties) = preSolution
		HideSolutionNode = FALSE
	EndGlobalSection
EndGlobal
